{
  "nodes": {
    "nixpkgs": {
      "locked": {
        "lastModified": 1748868509,
        "narHash": "sha256-mQlxDHHwHmZfRB4nZNibHndrJINfoaLMIYI8hdVXs5k=",
        "owner": "NixOS",
        "repo": "nixpkgs",
        "rev": "c9ee6d2f7c1d41b8cf7c39474d47d0c6b24a8de3",
        "type": "github"
      },
      "original": {
        "owner": "NixOS",
        "repo": "nixpkgs",
        "type": "github"
      }
    },
    "root": {
      "inputs": {
        "nixpkgs": "nixpkgs"
      }
    }
  },
  "root": "root",
  "version": 7
}
